
Microsoft Visual Studio Solution File, Format Version 12.00
# Visual Studio Version 16
VisualStudioVersion = 16.0.29806.167
MinimumVisualStudioVersion = 10.0.40219.1
Project("{FAE04EC0-301F-11D3-BF4B-00C04F79EFBC}") = "Console Generic Repository", "Console Generic Repository\Console Generic Repository.csproj", "{3A338CE0-A485-4B06-BC22-979761CB56F9}"
EndProject
Global
	GlobalSection(SolutionConfigurationPlatforms) = preSolution
		Debug|Any CPU = Debug|Any CPU
		Release|Any CPU = Release|Any CPU
	EndGlobalSection
	GlobalSection(ProjectConfigurationPlatforms) = postSolution
		{3A338CE0-A485-4B06-BC22-979761CB56F9}.Debug|Any CPU.ActiveCfg = Debug|Any CPU
		{3A338CE0-A485-4B06-BC22-979761CB56F9}.Debug|Any CPU.Build.0 = Debug|Any CPU
		{3A338CE0-A485-4B06-BC22-979761CB56F9}.Release|Any CPU.ActiveCfg = Release|Any CPU
		{3A338CE0-A485-4B06-BC22-979761CB56F9}.Release|Any CPU.Build.0 = Release|Any CPU
	EndGlobalSection
	GlobalSection(SolutionProperties) = preSolution
		HideSolutionNode = FALSE
	EndGlobalSection
	GlobalSection(ExtensibilityGlobals) = postSolution
		SolutionGuid = {C0D4F04A-F06D-46C1-95FA-C3FD9B36A20C}
	EndGlobalSection
EndGlobal
